
Microsoft Visual Studio Solution File, Format Version 12.00
# Visual Studio 15
VisualStudioVersion = 15.0.28010.2036
MinimumVisualStudioVersion = 10.0.40219.1
Project("{FAE04EC0-301F-11D3-BF4B-00C04F79EFBC}") = "BrpgCenter", "BrpgCenter\BrpgCenter.csproj", "{62BD00BB-51AD-48EF-9646-294F40CCBDAF}"
EndProject
Global
	GlobalSection(SolutionConfigurationPlatforms) = preSolution
		Debug|Any CPU = Debug|Any CPU
		Release|Any CPU = Release|Any CPU
	EndGlobalSection
	GlobalSection(ProjectConfigurationPlatforms) = postSolution
		{62BD00BB-51AD-48EF-9646-294F40CCBDAF}.Debug|Any CPU.ActiveCfg = Debug|Any CPU
		{62BD00BB-51AD-48EF-9646-294F40CCBDAF}.Debug|Any CPU.Build.0 = Debug|Any CPU
		{62BD00BB-51AD-48EF-9646-294F40CCBDAF}.Release|Any CPU.ActiveCfg = Release|Any CPU
		{62BD00BB-51AD-48EF-9646-294F40CCBDAF}.Release|Any CPU.Build.0 = Release|Any CPU
	EndGlobalSection
	GlobalSection(SolutionProperties) = preSolution
		HideSolutionNode = FALSE
	EndGlobalSection
	GlobalSection(ExtensibilityGlobals) = postSolution
		SolutionGuid = {950B11B2-F8EC-44CA-B8A4-995A28E246A1}
	EndGlobalSection
EndGlobal
